// !$*UTF8*$!
{
	archiveVersion = 1;
	classes = {
	};
	objectVersion = 51;
	objects = {

/* Begin PBXBuildFile section */
		3855F44F23A0AB5800FE298A /* AppDelegate.swift in Sources */ = {isa = PBXBuildFile; fileRef = 3855F44E23A0AB5800FE298A /* AppDelegate.swift */; };
		3855F45123A0AB5800FE298A /* SceneDelegate.swift in Sources */ = {isa = PBXBuildFile; fileRef = 3855F45023A0AB5800FE298A /* SceneDelegate.swift */; };
		3855F45323A0AB5800FE298A /* ContentView.swift in Sources */ = {isa = PBXBuildFile; fileRef = 3855F45223A0AB5800FE298A /* ContentView.swift */; };
		3855F45523A0AB5E00FE298A /* Assets.xcassets in Resources */ = {isa = PBXBuildFile; fileRef = 3855F45423A0AB5E00FE298A /* Assets.xcassets */; };
		3855F45823A0AB5E00FE298A /* Preview Assets.xcassets in Resources */ = {isa = PBXBuildFile; fileRef = 3855F45723A0AB5E00FE298A /* Preview Assets.xcassets */; };
		3855F45B23A0AB5E00FE298A /* LaunchScreen.storyboard in Resources */ = {isa = PBXBuildFile; fileRef = 3855F45923A0AB5E00FE298A /* LaunchScreen.storyboard */; };
		3855F46523A0ABC500FE298A /* RootViewController.swift in Sources */ = {isa = PBXBuildFile; fileRef = 3855F46323A0ABC500FE298A /* RootViewController.swift */; };
		3855F46623A0ABC500FE298A /* RootViewController.xib in Resources */ = {isa = PBXBuildFile; fileRef = 3855F46423A0ABC500FE298A /* RootViewController.xib */; };
		3855F46923A0AFB400FE298A /* TableViewController.swift in Sources */ = {isa = PBXBuildFile; fileRef = 3855F46723A0AFB400FE298A /* TableViewController.swift */; };
		3855F46A23A0AFB400FE298A /* TableViewController.xib in Resources */ = {isa = PBXBuildFile; fileRef = 3855F46823A0AFB400FE298A /* TableViewController.xib */; };
		3855F46D23A0B17000FE298A /* WebViewController.swift in Sources */ = {isa = PBXBuildFile; fileRef = 3855F46B23A0B17000FE298A /* WebViewController.swift */; };
		3855F46E23A0B17000FE298A /* WebViewController.xib in Resources */ = {isa = PBXBuildFile; fileRef = 3855F46C23A0B17000FE298A /* WebViewController.xib */; };
		71F23553FF198A3765DC272D /* Pods_WebView_App.framework in Frameworks */ = {isa = PBXBuildFile; fileRef = 11AD0ECA0C41ECFEA02E87B0 /* Pods_WebView_App.framework */; };
/* End PBXBuildFile section */

/* Begin PBXFileReference section */
		01C991BF3C463FE60384C0AC /* Pods-WebView_App.debug.xcconfig */ = {isa = PBXFileReference; includeInIndex = 1; lastKnownFileType = text.xcconfig; name = "Pods-WebView_App.debug.xcconfig"; path = "Target Support Files/Pods-WebView_App/Pods-WebView_App.debug.xcconfig"; sourceTree = "<group>"; };
		11AD0ECA0C41ECFEA02E87B0 /* Pods_WebView_App.framework */ = {isa = PBXFileReference; explicitFileType = wrapper.framework; includeInIndex = 0; path = Pods_WebView_App.framework; sourceTree = BUILT_PRODUCTS_DIR; };
		3855F44B23A0AB5800FE298A /* WebView_App.app */ = {isa = PBXFileReference; explicitFileType = wrapper.application; includeInIndex = 0; path = WebView_App.app; sourceTree = BUILT_PRODUCTS_DIR; };
		3855F44E23A0AB5800FE298A /* AppDelegate.swift */ = {isa = PBXFileReference; lastKnownFileType = sourcecode.swift; path = AppDelegate.swift; sourceTree = "<group>"; };
		3855F45023A0AB5800FE298A /* SceneDelegate.swift */ = {isa = PBXFileReference; lastKnownFileType = sourcecode.swift; path = SceneDelegate.swift; sourceTree = "<group>"; };
		3855F45223A0AB5800FE298A /* ContentView.swift */ = {isa = PBXFileReference; lastKnownFileType = sourcecode.swift; path = ContentView.swift; sourceTree = "<group>"; };
		3855F45423A0AB5E00FE298A /* Assets.xcassets */ = {isa = PBXFileReference; lastKnownFileType = folder.assetcatalog; path = Assets.xcassets; sourceTree = "<group>"; };
		3855F45723A0AB5E00FE298A /* Preview Assets.xcassets */ = {isa = PBXFileReference; lastKnownFileType = folder.assetcatalog; path = "Preview Assets.xcassets"; sourceTree = "<group>"; };
		3855F45A23A0AB5E00FE298A /* Base */ = {isa = PBXFileReference; lastKnownFileType = file.storyboard; name = Base; path = Base.lproj/LaunchScreen.storyboard; sourceTree = "<group>"; };
		3855F45C23A0AB5E00FE298A /* Info.plist */ = {isa = PBXFileReference; lastKnownFileType = text.plist.xml; path = Info.plist; sourceTree = "<group>"; };
		3855F46323A0ABC500FE298A /* RootViewController.swift */ = {isa = PBXFileReference; lastKnownFileType = sourcecode.swift; path = RootViewController.swift; sourceTree = "<group>"; };
		3855F46423A0ABC500FE298A /* RootViewController.xib */ = {isa = PBXFileReference; lastKnownFileType = file.xib; path = RootViewController.xib; sourceTree = "<group>"; };
		3855F46723A0AFB400FE298A /* TableViewController.swift */ = {isa = PBXFileReference; lastKnownFileType = sourcecode.swift; path = TableViewController.swift; sourceTree = "<group>"; };
		3855F46823A0AFB400FE298A /* TableViewController.xib */ = {isa = PBXFileReference; lastKnownFileType = file.xib; path = TableViewController.xib; sourceTree = "<group>"; };
		3855F46B23A0B17000FE298A /* WebViewController.swift */ = {isa = PBXFileReference; lastKnownFileType = sourcecode.swift; path = WebViewController.swift; sourceTree = "<group>"; };
		3855F46C23A0B17000FE298A /* WebViewController.xib */ = {isa = PBXFileReference; lastKnownFileType = file.xib; path = WebViewController.xib; sourceTree = "<group>"; };
		90D05554130DA6D9854F1724 /* Pods-WebView_App.release.xcconfig */ = {isa = PBXFileReference; includeInIndex = 1; lastKnownFileType = text.xcconfig; name = "Pods-WebView_App.release.xcconfig"; path = "Target Support Files/Pods-WebView_App/Pods-WebView_App.release.xcconfig"; sourceTree = "<group>"; };
/* End PBXFileReference section */

/* Begin PBXFrameworksBuildPhase section */
		3855F44823A0AB5800FE298A /* Frameworks */ = {
			isa = PBXFrameworksBuildPhase;
			buildActionMask = 2147483647;
			files = (
				71F23553FF198A3765DC272D /* Pods_WebView_App.framework in Frameworks */,
			);
			runOnlyForDeploymentPostprocessing = 0;
		};
/* End PBXFrameworksBuildPhase section */

/* Begin PBXGroup section */
		3855F44223A0AB5800FE298A = {
			isa = PBXGroup;
			children = (
				3855F44D23A0AB5800FE298A /* WebView_App */,
				3855F44C23A0AB5800FE298A /* Products */,
				7C8A95816512275F85BB6F5F /* Pods */,
				67B893E3EFB2F94E625A2E75 /* Frameworks */,
			);
			sourceTree = "<group>";
		};
		3855F44C23A0AB5800FE298A /* Products */ = {
			isa = PBXGroup;
			children = (
				3855F44B23A0AB5800FE298A /* WebView_App.app */,
			);
			name = Products;
			sourceTree = "<group>";
		};
		3855F44D23A0AB5800FE298A /* WebView_App */ = {
			isa = PBXGroup;
			children = (
				3855F46223A0AB7200FE298A /* View */,
				3855F44E23A0AB5800FE298A /* AppDelegate.swift */,
				3855F45023A0AB5800FE298A /* SceneDelegate.swift */,
				3855F45223A0AB5800FE298A /* ContentView.swift */,
				3855F45423A0AB5E00FE298A /* Assets.xcassets */,
				3855F45923A0AB5E00FE298A /* LaunchScreen.storyboard */,
				3855F45C23A0AB5E00FE298A /* Info.plist */,
				3855F45623A0AB5E00FE298A /* Preview Content */,
			);
			path = WebView_App;
			sourceTree = "<group>";
		};
		3855F45623A0AB5E00FE298A /* Preview Content */ = {
			isa = PBXGroup;
			children = (
				3855F45723A0AB5E00FE298A /* Preview Assets.xcassets */,
			);
			path = "Preview Content";
			sourceTree = "<group>";
		};
		3855F46223A0AB7200FE298A /* View */ = {
			isa = PBXGroup;
			children = (
				3855F46323A0ABC500FE298A /* RootViewController.swift */,
				3855F46423A0ABC500FE298A /* RootViewController.xib */,
				3855F46723A0AFB400FE298A /* TableViewController.swift */,
				3855F46823A0AFB400FE298A /* TableViewController.xib */,
				3855F46B23A0B17000FE298A /* WebViewController.swift */,
				3855F46C23A0B17000FE298A /* WebViewController.xib */,
			);
			path = View;
			sourceTree = "<group>";
		};
		67B893E3EFB2F94E625A2E75 /* Frameworks */ = {
			isa = PBXGroup;
			children = (
				11AD0ECA0C41ECFEA02E87B0 /* Pods_WebView_App.framework */,
			);
			name = Frameworks;
			sourceTree = "<group>";
		};
		7C8A95816512275F85BB6F5F /* Pods */ = {
			isa = PBXGroup;
			children = (
				01C991BF3C463FE60384C0AC /* Pods-WebView_App.debug.xcconfig */,
				90D05554130DA6D9854F1724 /* Pods-WebView_App.release.xcconfig */,
			);
			path = Pods;
			sourceTree = "<group>";
		};
/* End PBXGroup section */

/* Begin PBXNativeTarget section */
		3855F44A23A0AB5800FE298A /* WebView_App */ = {
			isa = PBXNativeTarget;
			buildConfigurationList = 3855F45F23A0AB5E00FE298A /* Build configuration list for PBXNativeTarget "WebView_App" */;
			buildPhases = (
				E430AFCCFBDD90F77DD78E40 /* [CP] Check Pods Manifest.lock */,
				3855F44723A0AB5800FE298A /* Sources */,
				3855F44823A0AB5800FE298A /* Frameworks */,
				3855F44923A0AB5800FE298A /* Resources */,
				12B6C3D0EA986CDB80E4B599 /* [CP] Embed Pods Frameworks */,
			);
			buildRules = (
			);
			dependencies = (
			);
			name = WebView_App;
			productName = WebView_App;
			productReference = 3855F44B23A0AB5800FE298A /* WebView_App.app */;
			productType = "com.apple.product-type.application";
		};
/* End PBXNativeTarget section */

/* Begin PBXProject section */
		3855F44323A0AB5800FE298A /* Project object */ = {
			isa = PBXProject;
			attributes = {
				LastSwiftUpdateCheck = 1110;
				LastUpgradeCheck = 1110;
				ORGANIZATIONNAME = "深見龍一";
				TargetAttributes = {
					3855F44A23A0AB5800FE298A = {
						CreatedOnToolsVersion = 11.1;
					};
				};
			};
			buildConfigurationList = 3855F44623A0AB5800FE298A /* Build configuration list for PBXProject "WebView_App" */;
			compatibilityVersion = "Xcode 9.3";
			developmentRegion = en;
			hasScannedForEncodings = 0;
			knownRegions = (
				en,
				Base,
			);
			mainGroup = 3855F44223A0AB5800FE298A;
			productRefGroup = 3855F44C23A0AB5800FE298A /* Products */;
			projectDirPath = "";
			projectRoot = "";
			targets = (
				3855F44A23A0AB5800FE298A /* WebView_App */,
			);
		};
/* End PBXProject section */

/* Begin PBXResourcesBuildPhase section */
		3855F44923A0AB5800FE298A /* Resources */ = {
			isa = PBXResourcesBuildPhase;
			buildActionMask = 2147483647;
			files = (
				3855F45B23A0AB5E00FE298A /* LaunchScreen.storyboard in Resources */,
				3855F45823A0AB5E00FE298A /* Preview Assets.xcassets in Resources */,
				3855F46623A0ABC500FE298A /* RootViewController.xib in Resources */,
				3855F46E23A0B17000FE298A /* WebViewController.xib in Resources */,
				3855F46A23A0AFB400FE298A /* TableViewController.xib in Resources */,
				3855F45523A0AB5E00FE298A /* Assets.xcassets in Resources */,
			);
			runOnlyForDeploymentPostprocessing = 0;
		};
/* End PBXResourcesBuildPhase section */

/* Begin PBXShellScriptBuildPhase section */
		12B6C3D0EA986CDB80E4B599 /* [CP] Embed Pods Frameworks */ = {
			isa = PBXShellScriptBuildPhase;
			buildActionMask = 2147483647;
			files = (
			);
			inputFileListPaths = (
				"${PODS_ROOT}/Target Support Files/Pods-WebView_App/Pods-WebView_App-frameworks-${CONFIGURATION}-input-files.xcfilelist",
			);
			name = "[CP] Embed Pods Frameworks";
			outputFileListPaths = (
				"${PODS_ROOT}/Target Support Files/Pods-WebView_App/Pods-WebView_App-frameworks-${CONFIGURATION}-output-files.xcfilelist",
			);
			runOnlyForDeploymentPostprocessing = 0;
			shellPath = /bin/sh;
			shellScript = "\"${PODS_ROOT}/Target Support Files/Pods-WebView_App/Pods-WebView_App-frameworks.sh\"\n";
			showEnvVarsInLog = 0;
		};
		E430AFCCFBDD90F77DD78E40 /* [CP] Check Pods Manifest.lock */ = {
			isa = PBXShellScriptBuildPhase;
			buildActionMask = 2147483647;
			files = (
			);
			inputFileListPaths = (
			);
			inputPaths = (
				"${PODS_PODFILE_DIR_PATH}/Podfile.lock",
				"${PODS_ROOT}/Manifest.lock",
			);
			name = "[CP] Check Pods Manifest.lock";
			outputFileListPaths = (
			);
			outputPaths = (
				"$(DERIVED_FILE_DIR)/Pods-WebView_App-checkManifestLockResult.txt",
			);
			runOnlyForDeploymentPostprocessing = 0;
			shellPath = /bin/sh;
			shellScript = "diff \"${PODS_PODFILE_DIR_PATH}/Podfile.lock\" \"${PODS_ROOT}/Manifest.lock\" > /dev/null\nif [ $? != 0 ] ; then\n    # print error to STDERR\n    echo \"error: The sandbox is not in sync with the Podfile.lock. Run 'pod install' or update your CocoaPods installation.\" >&2\n    exit 1\nfi\n# This output is used by Xcode 'outputs' to avoid re-running this script phase.\necho \"SUCCESS\" > \"${SCRIPT_OUTPUT_FILE_0}\"\n";
			showEnvVarsInLog = 0;
		};
/* End PBXShellScriptBuildPhase section */

/* Begin PBXSourcesBuildPhase section */
		3855F44723A0AB5800FE298A /* Sources */ = {
			isa = PBXSourcesBuildPhase;
			buildActionMask = 2147483647;
			files = (
				3855F44F23A0AB5800FE298A /* AppDelegate.swift in Sources */,
				3855F46D23A0B17000FE298A /* WebViewController.swift in Sources */,
				3855F45123A0AB5800FE298A /* SceneDelegate.swift in Sources */,
				3855F46523A0ABC500FE298A /* RootViewController.swift in Sources */,
				3855F46923A0AFB400FE298A /* TableViewController.swift in Sources */,
				3855F45323A0AB5800FE298A /* ContentView.swift in Sources */,
			);
			runOnlyForDeploymentPostprocessing = 0;
		};
/* End PBXSourcesBuildPhase section */

/* Begin PBXVariantGroup section */
		3855F45923A0AB5E00FE298A /* LaunchScreen.storyboard */ = {
			isa = PBXVariantGroup;
			children = (
				3855F45A23A0AB5E00FE298A /* Base */,
			);
			name = LaunchScreen.storyboard;
			sourceTree = "<group>";
		};
/* End PBXVariantGroup section */

/* Begin XCBuildConfiguration section */
		3855F45D23A0AB5E00FE298A /* Debug */ = {
			isa = XCBuildConfiguration;
			buildSettings = {
				ALWAYS_SEARCH_USER_PATHS = NO;
				CLANG_ANALYZER_NONNULL = YES;
				CLANG_ANALYZER_NUMBER_OBJECT_CONVERSION = YES_AGGRESSIVE;
				CLANG_CXX_LANGUAGE_STANDARD = "gnu++14";
				CLANG_CXX_LIBRARY = "libc++";
				CLANG_ENABLE_MODULES = YES;
				CLANG_ENABLE_OBJC_ARC = YES;
				CLANG_ENABLE_OBJC_WEAK = YES;
				CLANG_WARN_BLOCK_CAPTURE_AUTORELEASING = YES;
				CLANG_WARN_BOOL_CONVERSION = YES;
				CLANG_WARN_COMMA = YES;
				CLANG_WARN_CONSTANT_CONVERSION = YES;
				CLANG_WARN_DEPRECATED_OBJC_IMPLEMENTATIONS = YES;
				CLANG_WARN_DIRECT_OBJC_ISA_USAGE = YES_ERROR;
				CLANG_WARN_DOCUMENTATION_COMMENTS = YES;
				CLANG_WARN_EMPTY_BODY = YES;
				CLANG_WARN_ENUM_CONVERSION = YES;
				CLANG_WARN_INFINITE_RECURSION = YES;
				CLANG_WARN_INT_CONVERSION = YES;
				CLANG_WARN_NON_LITERAL_NULL_CONVERSION = YES;
				CLANG_WARN_OBJC_IMPLICIT_RETAIN_SELF = YES;
				CLANG_WARN_OBJC_LITERAL_CONVERSION = YES;
				CLANG_WARN_OBJC_ROOT_CLASS = YES_ERROR;
				CLANG_WARN_RANGE_LOOP_ANALYSIS = YES;
				CLANG_WARN_STRICT_PROTOTYPES = YES;
				CLANG_WARN_SUSPICIOUS_MOVE = YES;
				CLANG_WARN_UNGUARDED_AVAILABILITY = YES_AGGRESSIVE;
				CLANG_WARN_UNREACHABLE_CODE = YES;
				CLANG_WARN__DUPLICATE_METHOD_MATCH = YES;
				COPY_PHASE_STRIP = NO;
				DEBUG_INFORMATION_FORMAT = dwarf;
				ENABLE_STRICT_OBJC_MSGSEND = YES;
				ENABLE_TESTABILITY = YES;
				GCC_C_LANGUAGE_STANDARD = gnu11;
				GCC_DYNAMIC_NO_PIC = NO;
				GCC_NO_COMMON_BLOCKS = YES;
				GCC_OPTIMIZATION_LEVEL = 0;
				GCC_PREPROCESSOR_DEFINITIONS = (
					"DEBUG=1",
					"$(inherited)",
				);
				GCC_WARN_64_TO_32_BIT_CONVERSION = YES;
				GCC_WARN_ABOUT_RETURN_TYPE = YES_ERROR;
				GCC_WARN_UNDECLARED_SELECTOR = YES;
				GCC_WARN_UNINITIALIZED_AUTOS = YES_AGGRESSIVE;
				GCC_WARN_UNUSED_FUNCTION = YES;
				GCC_WARN_UNUSED_VARIABLE = YES;
				IPHONEOS_DEPLOYMENT_TARGET = 13.1;
				MTL_ENABLE_DEBUG_INFO = INCLUDE_SOURCE;
				MTL_FAST_MATH = YES;
				ONLY_ACTIVE_ARCH = YES;
				SDKROOT = iphoneos;
				SWIFT_ACTIVE_COMPILATION_CONDITIONS = DEBUG;
				SWIFT_OPTIMIZATION_LEVEL = "-Onone";
			};
			name = Debug;
		};
		3855F45E23A0AB5E00FE298A /* Release */ = {
			isa = XCBuildConfiguration;
			buildSettings = {
				ALWAYS_SEARCH_USER_PATHS = NO;
				CLANG_ANALYZER_NONNULL = YES;
				CLANG_ANALYZER_NUMBER_OBJECT_CONVERSION = YES_AGGRESSIVE;
				CLANG_CXX_LANGUAGE_STANDARD = "gnu++14";
				CLANG_CXX_LIBRARY = "libc++";
				CLANG_ENABLE_MODULES = YES;
				CLANG_ENABLE_OBJC_ARC = YES;
				CLANG_ENABLE_OBJC_WEAK = YES;
				CLANG_WARN_BLOCK_CAPTURE_AUTORELEASING = YES;
				CLANG_WARN_BOOL_CONVERSION = YES;
				CLANG_WARN_COMMA = YES;
				CLANG_WARN_CONSTANT_CONVERSION = YES;
				CLANG_WARN_DEPRECATED_OBJC_IMPLEMENTATIONS = YES;
				CLANG_WARN_DIRECT_OBJC_ISA_USAGE = YES_ERROR;
				CLANG_WARN_DOCUMENTATION_COMMENTS = YES;
				CLANG_WARN_EMPTY_BODY = YES;
				CLANG_WARN_ENUM_CONVERSION = YES;
				CLANG_WARN_INFINITE_RECURSION = YES;
				CLANG_WARN_INT_CONVERSION = YES;
				CLANG_WARN_NON_LITERAL_NULL_CONVERSION = YES;
				CLANG_WARN_OBJC_IMPLICIT_RETAIN_SELF = YES;
				CLANG_WARN_OBJC_LITERAL_CONVERSION = YES;
				CLANG_WARN_OBJC_ROOT_CLASS = YES_ERROR;
				CLANG_WARN_RANGE_LOOP_ANALYSIS = YES;
				CLANG_WARN_STRICT_PROTOTYPES = YES;
				CLANG_WARN_SUSPICIOUS_MOVE = YES;
				CLANG_WARN_UNGUARDED_AVAILABILITY = YES_AGGRESSIVE;
				CLANG_WARN_UNREACHABLE_CODE = YES;
				CLANG_WARN__DUPLICATE_METHOD_MATCH = YES;
				COPY_PHASE_STRIP = NO;
				DEBUG_INFORMATION_FORMAT = "dwarf-with-dsym";
				ENABLE_NS_ASSERTIONS = NO;
				ENABLE_STRICT_OBJC_MSGSEND = YES;
				GCC_C_LANGUAGE_STANDARD = gnu11;
				GCC_NO_COMMON_BLOCKS = YES;
				GCC_WARN_64_TO_32_BIT_CONVERSION = YES;
				GCC_WARN_ABOUT_RETURN_TYPE = YES_ERROR;
				GCC_WARN_UNDECLARED_SELECTOR = YES;
				GCC_WARN_UNINITIALIZED_AUTOS = YES_AGGRESSIVE;
				GCC_WARN_UNUSED_FUNCTION = YES;
				GCC_WARN_UNUSED_VARIABLE = YES;
				IPHONEOS_DEPLOYMENT_TARGET = 13.1;
				MTL_ENABLE_DEBUG_INFO = NO;
				MTL_FAST_MATH = YES;
				SDKROOT = iphoneos;
				SWIFT_COMPILATION_MODE = wholemodule;
				SWIFT_OPTIMIZATION_LEVEL = "-O";
				VALIDATE_PRODUCT = YES;
			};
			name = Release;
		};
		3855F46023A0AB5E00FE298A /* Debug */ = {
			isa = XCBuildConfiguration;
			baseConfigurationReference = 01C991BF3C463FE60384C0AC /* Pods-WebView_App.debug.xcconfig */;
			buildSettings = {
				ASSETCATALOG_COMPILER_APPICON_NAME = AppIcon;
				CODE_SIGN_STYLE = Automatic;
				DEVELOPMENT_ASSET_PATHS = "\"WebView_App/Preview Content\"";
				DEVELOPMENT_TEAM = 24QMQJ28XJ;
				ENABLE_PREVIEWS = YES;
				INFOPLIST_FILE = WebView_App/Info.plist;
				LD_RUNPATH_SEARCH_PATHS = (
					"$(inherited)",
					"@executable_path/Frameworks",
				);
				PRODUCT_BUNDLE_IDENTIFIER = "jp.co.ryu1fukami.WebView-App";
				PRODUCT_NAME = "$(TARGET_NAME)";
				SWIFT_VERSION = 5.0;
				TARGETED_DEVICE_FAMILY = "1,2";
			};
			name = Debug;
		};
		3855F46123A0AB5E00FE298A /* Release */ = {
			isa = XCBuildConfiguration;
			baseConfigurationReference = 90D05554130DA6D9854F1724 /* Pods-WebView_App.release.xcconfig */;
			buildSettings = {
				ASSETCATALOG_COMPILER_APPICON_NAME = AppIcon;
				CODE_SIGN_STYLE = Automatic;
				DEVELOPMENT_ASSET_PATHS = "\"WebView_App/Preview Content\"";
				DEVELOPMENT_TEAM = 24QMQJ28XJ;
				ENABLE_PREVIEWS = YES;
				INFOPLIST_FILE = WebView_App/Info.plist;
				LD_RUNPATH_SEARCH_PATHS = (
					"$(inherited)",
					"@executable_path/Frameworks",
				);
				PRODUCT_BUNDLE_IDENTIFIER = "jp.co.ryu1fukami.WebView-App";
				PRODUCT_NAME = "$(TARGET_NAME)";
				SWIFT_VERSION = 5.0;
				TARGETED_DEVICE_FAMILY = "1,2";
			};
			name = Release;
		};
/* End XCBuildConfiguration section */

/* Begin XCConfigurationList section */
		3855F44623A0AB5800FE298A /* Build configuration list for PBXProject "WebView_App" */ = {
			isa = XCConfigurationList;
			buildConfigurations = (
				3855F45D23A0AB5E00FE298A /* Debug */,
				3855F45E23A0AB5E00FE298A /* Release */,
			);
			defaultConfigurationIsVisible = 0;
			defaultConfigurationName = Release;
		};
		3855F45F23A0AB5E00FE298A /* Build configuration list for PBXNativeTarget "WebView_App" */ = {
			isa = XCConfigurationList;
			buildConfigurations = (
				3855F46023A0AB5E00FE298A /* Debug */,
				3855F46123A0AB5E00FE298A /* Release */,
			);
			defaultConfigurationIsVisible = 0;
			defaultConfigurationName = Release;
		};
/* End XCConfigurationList section */
	};
	rootObject = 3855F44323A0AB5800FE298A /* Project object */;
}
